{
  "name": "myapp",
  "version": "0.1.0",
  "dependencies": {
    "expo": {
      "version": "0.1.0",
      "dependencies": {
        "commander": {
          "version": "1.1.1",
          "dependencies": {
            "keypress": {
              "version": "0.1.0"
            }
          }
        },
        "supervisor": {
          "version": "0.5.2"
        },
        "clog": {
          "version": "0.1.6"
        },
        "chai": {
          "version": "1.6.0"
        },
        "express": {
          "version": "3.2.5",
          "dependencies": {
            "connect": {
              "version": "2.7.10",
              "dependencies": {
                "qs": {
                  "version": "0.6.5"
                },
                "formidable": {
                  "version": "1.0.14"
                },
                "cookie": {
                  "version": "0.0.5"
                },
                "bytes": {
                  "version": "0.2.0"
                },
                "pause": {
                  "version": "0.0.1"
                }
              }
            },
            "commander": {
              "version": "0.6.1"
            },
            "range-parser": {
              "version": "0.0.4"
            },
            "mkdirp": {
              "version": "0.3.4"
            },
            "cookie": {
              "version": "0.1.0"
            },
            "buffer-crc32": {
              "version": "0.2.1"
            },
            "fresh": {
              "version": "0.1.0"
            },
            "methods": {
              "version": "0.0.1"
            },
            "send": {
              "version": "0.1.0",
              "dependencies": {
                "mime": {
                  "version": "1.2.6"
                }
              }
            },
            "cookie-signature": {
              "version": "1.0.1"
            },
            "debug": {
              "version": "0.7.2"
            }
          }
        },
        "mocha": {
          "version": "1.10.0",
          "dependencies": {
            "commander": {
              "version": "0.6.1"
            },
            "growl": {
              "version": "1.7.0"
            },
            "jade": {
              "version": "0.26.3",
              "dependencies": {
                "mkdirp": {
                  "version": "0.3.0"
                }
              }
            },
            "diff": {
              "version": "1.0.2"
            },
            "debug": {
              "version": "0.7.2"
            },
            "mkdirp": {
              "version": "0.3.3"
            },
            "ms": {
              "version": "0.3.0"
            },
            "glob": {
              "version": "3.2.1",
              "dependencies": {
                "minimatch": {
                  "version": "0.2.12",
                  "dependencies": {
                    "lru-cache": {
                      "version": "2.3.0"
                    },
                    "sigmund": {
                      "version": "1.0.0"
                    }
                  }
                },
                "graceful-fs": {
                  "version": "1.2.1"
                },
                "inherits": {
                  "version": "1.0.0"
                }
              }
            }
          }
        },
        "supertest": {
          "version": "0.6.0",
          "dependencies": {
            "superagent": {
              "version": "0.10.0",
              "dependencies": {
                "qs": {
                  "version": "0.5.2"
                },
                "formidable": {
                  "version": "1.0.9"
                },
                "mime": {
                  "version": "1.2.5"
                },
                "emitter-component": {
                  "version": "0.0.6"
                },
                "cookiejar": {
                  "version": "1.3.0"
                },
                "better-assert": {
                  "version": "0.1.0",
                  "dependencies": {
                    "callsite": {
                      "version": "1.0.0"
                    }
                  }
                }
              }
            },
            "methods": {
              "version": "0.0.1"
            }
          }
        }
      }
    },
    "expo-connect_assets": {
      "version": "0.1.0",
      "dependencies": {
        "connect-assets": {
          "version": "2.4.3",
          "dependencies": {
            "connect-file-cache": {
              "version": "0.2.5",
              "dependencies": {
                "mime": {
                  "version": "1.2.2"
                },
                "underscore": {
                  "version": "1.1.7"
                }
              }
            },
            "snockets": {
              "version": "1.3.8",
              "dependencies": {
                "coffee-script": {
                  "version": "1.6.2"
                },
                "dep-graph": {
                  "version": "1.1.0",
                  "dependencies": {
                    "underscore": {
                      "version": "1.2.1"
                    }
                  }
                },
                "mime": {
                  "version": "1.2.2"
                },
                "uglify-js": {
                  "version": "1.0.7"
                },
                "underscore": {
                  "version": "1.1.7"
                }
              }
            }
          }
        }
      }
    },
    "expo-sequelize": {
      "version": "0.1.0",
      "dependencies": {
        "sequelize": {
          "version": "1.7.0-alpha2",
          "dependencies": {
            "lodash": {
              "version": "1.2.1"
            },
            "underscore.string": {
              "version": "2.3.1"
            },
            "lingo": {
              "version": "0.0.5"
            },
            "validator": {
              "version": "1.1.1"
            },
            "moment": {
              "version": "1.7.2"
            },
            "commander": {
              "version": "0.6.1"
            },
            "dottie": {
              "version": "0.0.6-1"
            },
            "toposort-class": {
              "version": "0.1.4"
            },
            "generic-pool": {
              "version": "2.0.3"
            },
            "promise": {
              "version": "3.0.0"
            }
          }
        }
      }
    },
    "express": {
      "version": "3.2.5",
      "dependencies": {
        "connect": {
          "version": "2.7.10",
          "dependencies": {
            "qs": {
              "version": "0.6.5"
            },
            "formidable": {
              "version": "1.0.14"
            },
            "cookie": {
              "version": "0.0.5"
            },
            "bytes": {
              "version": "0.2.0"
            },
            "pause": {
              "version": "0.0.1"
            }
          }
        },
        "commander": {
          "version": "0.6.1"
        },
        "range-parser": {
          "version": "0.0.4"
        },
        "mkdirp": {
          "version": "0.3.4"
        },
        "cookie": {
          "version": "0.1.0"
        },
        "buffer-crc32": {
          "version": "0.2.1"
        },
        "fresh": {
          "version": "0.1.0"
        },
        "methods": {
          "version": "0.0.1"
        },
        "send": {
          "version": "0.1.0",
          "dependencies": {
            "mime": {
              "version": "1.2.6"
            }
          }
        },
        "cookie-signature": {
          "version": "1.0.1"
        },
        "debug": {
          "version": "0.7.2"
        }
      }
    },
    "jade": {
      "version": "0.30.0",
      "dependencies": {
        "commander": {
          "version": "1.1.1",
          "dependencies": {
            "keypress": {
              "version": "0.1.0"
            }
          }
        },
        "mkdirp": {
          "version": "0.3.5"
        },
        "transformers": {
          "version": "2.0.1",
          "dependencies": {
            "promise": {
              "version": "2.0.0",
              "dependencies": {
                "is-promise": {
                  "version": "1.0.0"
                }
              }
            },
            "css": {
              "version": "1.0.8",
              "dependencies": {
                "css-parse": {
                  "version": "1.0.4"
                },
                "css-stringify": {
                  "version": "1.0.5"
                }
              }
            },
            "uglify-js": {
              "version": "2.2.5",
              "dependencies": {
                "source-map": {
                  "version": "0.1.22",
                  "dependencies": {
                    "amdefine": {
                      "version": "0.0.5"
                    }
                  }
                },
                "optimist": {
                  "version": "0.3.7",
                  "dependencies": {
                    "wordwrap": {
                      "version": "0.0.2"
                    }
                  }
                }
              }
            }
          }
        },
        "character-parser": {
          "version": "1.0.2"
        },
        "monocle": {
          "version": "0.1.48",
          "dependencies": {
            "readdirp": {
              "version": "0.2.4",
              "dependencies": {
                "minimatch": {
                  "version": "0.2.12",
                  "dependencies": {
                    "lru-cache": {
                      "version": "2.3.0"
                    },
                    "sigmund": {
                      "version": "1.0.0"
                    }
                  }
                }
              }
            }
          }
        }
      }
    },
    "stylus": {
      "version": "0.32.1",
      "dependencies": {
        "cssom": {
          "version": "0.2.5"
        },
        "mkdirp": {
          "version": "0.3.5"
        },
        "debug": {
          "version": "0.7.2"
        }
      }
    },
    "nib": {
      "version": "0.9.1"
    },
    "mocha": {
      "version": "1.10.0",
      "dependencies": {
        "commander": {
          "version": "0.6.1"
        },
        "growl": {
          "version": "1.7.0"
        },
        "jade": {
          "version": "0.26.3",
          "dependencies": {
            "mkdirp": {
              "version": "0.3.0"
            }
          }
        },
        "diff": {
          "version": "1.0.2"
        },
        "debug": {
          "version": "0.7.2"
        },
        "mkdirp": {
          "version": "0.3.3"
        },
        "ms": {
          "version": "0.3.0"
        },
        "glob": {
          "version": "3.2.1",
          "dependencies": {
            "minimatch": {
              "version": "0.2.12",
              "dependencies": {
                "lru-cache": {
                  "version": "2.3.0"
                },
                "sigmund": {
                  "version": "1.0.0"
                }
              }
            },
            "graceful-fs": {
              "version": "1.2.1"
            },
            "inherits": {
              "version": "1.0.0"
            }
          }
        }
      }
    },
    "chai": {
      "version": "1.6.0"
    },
    "supertest": {
      "version": "0.6.0",
      "dependencies": {
        "superagent": {
          "version": "0.10.0",
          "dependencies": {
            "qs": {
              "version": "0.5.2"
            },
            "formidable": {
              "version": "1.0.9"
            },
            "mime": {
              "version": "1.2.5"
            },
            "emitter-component": {
              "version": "0.0.6"
            },
            "cookiejar": {
              "version": "1.3.0"
            },
            "better-assert": {
              "version": "0.1.0",
              "dependencies": {
                "callsite": {
                  "version": "1.0.0"
                }
              }
            }
          }
        },
        "methods": {
          "version": "0.0.1"
        }
      }
    },
    "pg": {
      "version": "1.1.2",
      "dependencies": {
        "generic-pool": {
          "version": "2.0.3"
        },
        "buffer-writer": {
          "version": "1.0.0",
          "dependencies": {
            "cloned": {
              "version": "0.0.1",
              "dependencies": {
                "rmdir": {
                  "version": "1.0.0"
                }
              }
            },
            "async": {
              "version": "0.2.8"
            }
          }
        }
      }
    },
    "mysql2": {
      "version": "0.8.7",
      "dependencies": {
        "fastqueue": {
          "version": "0.1.0"
        }
      }
    },
    "coffee-script": {
      "version": "1.6.2"
    }
  }
}
